
Microsoft Visual Studio Solution File, Format Version 12.00
# Visual Studio Version 16
VisualStudioVersion = 16.0.30309.148
MinimumVisualStudioVersion = 10.0.40219.1
Project("{9A19103F-16F7-4668-BE54-9A1E7A4F7556}") = "GhostNetwork.Profiles.Api", "GhostNetwork.Profiles.Api\GhostNetwork.Profiles.Api.csproj", "{AFA5C08F-F763-4CE9-8E46-E46364A625C8}"
EndProject
Project("{9A19103F-16F7-4668-BE54-9A1E7A4F7556}") = "GhostNetwork.Profiles.Domain", "GhostNetwork.Profiles.Domain\GhostNetwork.Profiles.Domain.csproj", "{9B780D79-9E87-400E-8B50-57A6BD95D718}"
EndProject
Project("{2150E333-8FDC-42A3-9474-1A3956D46DE8}") = "Infrastructure", "Infrastructure", "{4ACA3F10-C8C1-4459-824C-02DB9492E5BE}"
EndProject
Project("{9A19103F-16F7-4668-BE54-9A1E7A4F7556}") = "GhostNetwork.Profiles.MsSQL", "Infrastructure\GhostNetwork.Profiles.MsSQL\GhostNetwork.Profiles.MsSQL.csproj", "{FD6E64C3-DD92-449F-AA2C-97500E925000}"
EndProject
Project("{9A19103F-16F7-4668-BE54-9A1E7A4F7556}") = "GhostNetwork.Profiles.Tests", "tests\GhostNetwork.Profiles.Tests\GhostNetwork.Profiles.Tests.csproj", "{A04DE697-6E28-416B-8F9B-6025E7167CDD}"
EndProject
Project("{2150E333-8FDC-42A3-9474-1A3956D46DE8}") = "tests", "tests", "{BC887F31-BC9B-4DAD-A806-0F482FB7AE0A}"
EndProject
Project("{9A19103F-16F7-4668-BE54-9A1E7A4F7556}") = "GhostNetwork.Profiles.MongoDb", "Infrastructure\GhostNetwork.Profiles.MongoDb\GhostNetwork.Profiles.MongoDb.csproj", "{28537BEE-1A60-4BC0-A892-73DCC2A1A7EF}"
EndProject
Project("{2150E333-8FDC-42A3-9474-1A3956D46DE8}") = "Solution Items", "Solution Items", "{21A327F4-2B8E-47E9-9F12-D7C2E1303C9E}"
	ProjectSection(SolutionItems) = preProject
		dev-compose.yml = dev-compose.yml
		docker-compose.yml = docker-compose.yml
		Dockerfile = Dockerfile
	EndProjectSection
EndProject
Global
	GlobalSection(SolutionConfigurationPlatforms) = preSolution
		Debug|Any CPU = Debug|Any CPU
		Release|Any CPU = Release|Any CPU
	EndGlobalSection
	GlobalSection(ProjectConfigurationPlatforms) = postSolution
		{AFA5C08F-F763-4CE9-8E46-E46364A625C8}.Debug|Any CPU.ActiveCfg = Debug|Any CPU
		{AFA5C08F-F763-4CE9-8E46-E46364A625C8}.Debug|Any CPU.Build.0 = Debug|Any CPU
		{AFA5C08F-F763-4CE9-8E46-E46364A625C8}.Release|Any CPU.ActiveCfg = Release|Any CPU
		{AFA5C08F-F763-4CE9-8E46-E46364A625C8}.Release|Any CPU.Build.0 = Release|Any CPU
		{9B780D79-9E87-400E-8B50-57A6BD95D718}.Debug|Any CPU.ActiveCfg = Debug|Any CPU
		{9B780D79-9E87-400E-8B50-57A6BD95D718}.Debug|Any CPU.Build.0 = Debug|Any CPU
		{9B780D79-9E87-400E-8B50-57A6BD95D718}.Release|Any CPU.ActiveCfg = Release|Any CPU
		{9B780D79-9E87-400E-8B50-57A6BD95D718}.Release|Any CPU.Build.0 = Release|Any CPU
		{FD6E64C3-DD92-449F-AA2C-97500E925000}.Debug|Any CPU.ActiveCfg = Debug|Any CPU
		{FD6E64C3-DD92-449F-AA2C-97500E925000}.Debug|Any CPU.Build.0 = Debug|Any CPU
		{FD6E64C3-DD92-449F-AA2C-97500E925000}.Release|Any CPU.ActiveCfg = Release|Any CPU
		{FD6E64C3-DD92-449F-AA2C-97500E925000}.Release|Any CPU.Build.0 = Release|Any CPU
		{A04DE697-6E28-416B-8F9B-6025E7167CDD}.Debug|Any CPU.ActiveCfg = Debug|Any CPU
		{A04DE697-6E28-416B-8F9B-6025E7167CDD}.Debug|Any CPU.Build.0 = Debug|Any CPU
		{A04DE697-6E28-416B-8F9B-6025E7167CDD}.Release|Any CPU.ActiveCfg = Release|Any CPU
		{A04DE697-6E28-416B-8F9B-6025E7167CDD}.Release|Any CPU.Build.0 = Release|Any CPU
		{28537BEE-1A60-4BC0-A892-73DCC2A1A7EF}.Debug|Any CPU.ActiveCfg = Debug|Any CPU
		{28537BEE-1A60-4BC0-A892-73DCC2A1A7EF}.Debug|Any CPU.Build.0 = Debug|Any CPU
		{28537BEE-1A60-4BC0-A892-73DCC2A1A7EF}.Release|Any CPU.ActiveCfg = Release|Any CPU
		{28537BEE-1A60-4BC0-A892-73DCC2A1A7EF}.Release|Any CPU.Build.0 = Release|Any CPU
	EndGlobalSection
	GlobalSection(SolutionProperties) = preSolution
		HideSolutionNode = FALSE
	EndGlobalSection
	GlobalSection(NestedProjects) = preSolution
		{FD6E64C3-DD92-449F-AA2C-97500E925000} = {4ACA3F10-C8C1-4459-824C-02DB9492E5BE}
		{A04DE697-6E28-416B-8F9B-6025E7167CDD} = {BC887F31-BC9B-4DAD-A806-0F482FB7AE0A}
		{28537BEE-1A60-4BC0-A892-73DCC2A1A7EF} = {4ACA3F10-C8C1-4459-824C-02DB9492E5BE}
	EndGlobalSection
	GlobalSection(ExtensibilityGlobals) = postSolution
		SolutionGuid = {33CD44E3-E2F3-4834-8166-73329E296C4C}
	EndGlobalSection
EndGlobal
